<?xml version="1.0" encoding="utf-8"?>
<Project ToolsVersion="4.0" xmlns="http://schemas.microsoft.com/developer/msbuild/2003">
  <ItemGroup>
    <Filter Include="Source Files">
      <UniqueIdentifier>{98463365-8ab3-4ae5-af60-757eb3bda3b6}</UniqueIdentifier>
      <Extensions>cpp;c;cxx;rc;def;r;odl;idl;hpj;bat</Extensions>
    </Filter>
    <Filter Include="Header Files">
      <UniqueIdentifier>{f81041cb-7cf1-4800-bf01-4bb3ff989c3a}</UniqueIdentifier>
      <Extensions>h;hpp;hxx;hm;inl</Extensions>
    </Filter>
    <Filter Include="Resource Files">
      <UniqueIdentifier>{d439258a-d3e2-4e9a-814b-8d611951c76f}</UniqueIdentifier>
      <Extensions>ico;cur;bmp;dlg;rc2;rct;bin;rgs;gif;jpg;jpeg;jpe</Extensions>
    </Filter>
  </ItemGroup>
  <ItemGroup>
    <ClCompile Include="CDirectDrawMethod.cpp">
      <Filter>Source Files</Filter>
    </ClCompile>
    <ClCompile Include="CGameCore.cpp">
      <Filter>Source Files</Filter>
    </ClCompile>
    <ClCompile Include="CGameMusicManager.cpp">
      <Filter>Source Files</Filter>
    </ClCompile>
    <ClCompile Include="CInputManager.cpp">
      <Filter>Source Files</Filter>
    </ClCompile>
    <ClCompile Include="DirectDrawUtil.cpp">
      <Filter>Source Files</Filter>
    </ClCompile>
    <ClCompile Include="DirectMusicUtil.cpp">
      <Filter>Source Files</Filter>
    </ClCompile>
    <ClCompile Include="DirectXUtil.cpp">
      <Filter>Source Files</Filter>
    </ClCompile>
    <ClCompile Include="GameMain.cpp">
      <Filter>Source Files</Filter>
    </ClCompile>
  </ItemGroup>
  <ItemGroup>
    <ClInclude Include="CDirectDrawMethod.h">
      <Filter>Header Files</Filter>
    </ClInclude>
    <ClInclude Include="CGameCore.h">
      <Filter>Header Files</Filter>
    </ClInclude>
    <ClInclude Include="CGameMusicManager.h">
      <Filter>Header Files</Filter>
    </ClInclude>
    <ClInclude Include="CInputManager.h">
      <Filter>Header Files</Filter>
    </ClInclude>
    <ClInclude Include="dinput.h">
      <Filter>Header Files</Filter>
    </ClInclude>
    <ClInclude Include="DirectDrawUtil.h">
      <Filter>Header Files</Filter>
    </ClInclude>
    <ClInclude Include="DirectMusicUtil.h">
      <Filter>Header Files</Filter>
    </ClInclude>
    <ClInclude Include="DirectXUtil.h">
      <Filter>Header Files</Filter>
    </ClInclude>
    <ClInclude Include="GameMain.h">
      <Filter>Header Files</Filter>
    </ClInclude>
  </ItemGroup>
  <ItemGroup>
    <Image Include="Resource\back1.bmp">
      <Filter>Resource Files</Filter>
    </Image>
    <Image Include="Resource\ball.bmp">
      <Filter>Resource Files</Filter>
    </Image>
    <Image Include="Resource\box.bmp">
      <Filter>Resource Files</Filter>
    </Image>
    <Image Include="Resource\hero.bmp">
      <Filter>Resource Files</Filter>
    </Image>
    <Image Include="Resource\loc.bmp">
      <Filter>Resource Files</Filter>
    </Image>
    <Image Include="Resource\rect.bmp">
      <Filter>Resource Files</Filter>
    </Image>
    <Image Include="YUKINO.ico">
      <Filter>Resource Files</Filter>
    </Image>
  </ItemGroup>
  <ItemGroup>
    <ResourceCompile Include="Script1.rc">
      <Filter>Resource Files</Filter>
    </ResourceCompile>
  </ItemGroup>
</Project>