
Microsoft Visual Studio Solution File, Format Version 10.00
# Visual C++ Express 2008
Project("{8BC9CEB8-8B4A-11D0-8D11-00A0C91BC942}") = "Sokoban", "Socoban.vcproj", "{3E995138-EF48-4D09-823F-10F2B2220B72}"
EndProject
Global
	GlobalSection(SolutionConfigurationPlatforms) = preSolution
		Debug|Win32 = Debug|Win32
		Release|Win32 = Release|Win32
	EndGlobalSection
	GlobalSection(ProjectConfigurationPlatforms) = postSolution
		{3E995138-EF48-4D09-823F-10F2B2220B72}.Debug|Win32.ActiveCfg = Debug|Win32
		{3E995138-EF48-4D09-823F-10F2B2220B72}.Debug|Win32.Build.0 = Debug|Win32
		{3E995138-EF48-4D09-823F-10F2B2220B72}.Release|Win32.ActiveCfg = Release|Win32
		{3E995138-EF48-4D09-823F-10F2B2220B72}.Release|Win32.Build.0 = Release|Win32
	EndGlobalSection
	GlobalSection(SolutionProperties) = preSolution
		HideSolutionNode = FALSE
	EndGlobalSection
EndGlobal
